
Microsoft Visual Studio Solution File, Format Version 12.00
# Visual Studio Version 16
VisualStudioVersion = 16.0.30320.27
MinimumVisualStudioVersion = 10.0.40219.1
Project("{9A19103F-16F7-4668-BE54-9A1E7A4F7556}") = "EmployeesService", "EmployeesService\EmployeesService.csproj", "{D7C57475-8B35-45BD-8BE0-BBF33FFE01F0}"
EndProject
Project("{9A19103F-16F7-4668-BE54-9A1E7A4F7556}") = "CompaniesService", "CompaniesService\CompaniesService.csproj", "{BDE108C3-C8AC-4860-AE0C-B4FFC2927A5A}"
EndProject
Project("{9A19103F-16F7-4668-BE54-9A1E7A4F7556}") = "APIGateway", "APIGateway\APIGateway.csproj", "{B64E520F-2054-48E1-9C91-3730AAB8F648}"
EndProject
Project("{FAE04EC0-301F-11D3-BF4B-00C04F79EFBC}") = "WebOrganization", "WebOrganization\WebOrganization.csproj", "{A133A8DD-D331-480F-ABDB-2BFE71FACA63}"
EndProject
Global
	GlobalSection(SolutionConfigurationPlatforms) = preSolution
		Debug|Any CPU = Debug|Any CPU
		Release|Any CPU = Release|Any CPU
	EndGlobalSection
	GlobalSection(ProjectConfigurationPlatforms) = postSolution
		{D7C57475-8B35-45BD-8BE0-BBF33FFE01F0}.Debug|Any CPU.ActiveCfg = Debug|Any CPU
		{D7C57475-8B35-45BD-8BE0-BBF33FFE01F0}.Debug|Any CPU.Build.0 = Debug|Any CPU
		{D7C57475-8B35-45BD-8BE0-BBF33FFE01F0}.Release|Any CPU.ActiveCfg = Release|Any CPU
		{D7C57475-8B35-45BD-8BE0-BBF33FFE01F0}.Release|Any CPU.Build.0 = Release|Any CPU
		{BDE108C3-C8AC-4860-AE0C-B4FFC2927A5A}.Debug|Any CPU.ActiveCfg = Debug|Any CPU
		{BDE108C3-C8AC-4860-AE0C-B4FFC2927A5A}.Debug|Any CPU.Build.0 = Debug|Any CPU
		{BDE108C3-C8AC-4860-AE0C-B4FFC2927A5A}.Release|Any CPU.ActiveCfg = Release|Any CPU
		{BDE108C3-C8AC-4860-AE0C-B4FFC2927A5A}.Release|Any CPU.Build.0 = Release|Any CPU
		{B64E520F-2054-48E1-9C91-3730AAB8F648}.Debug|Any CPU.ActiveCfg = Debug|Any CPU
		{B64E520F-2054-48E1-9C91-3730AAB8F648}.Debug|Any CPU.Build.0 = Debug|Any CPU
		{B64E520F-2054-48E1-9C91-3730AAB8F648}.Release|Any CPU.ActiveCfg = Release|Any CPU
		{B64E520F-2054-48E1-9C91-3730AAB8F648}.Release|Any CPU.Build.0 = Release|Any CPU
		{A133A8DD-D331-480F-ABDB-2BFE71FACA63}.Debug|Any CPU.ActiveCfg = Debug|Any CPU
		{A133A8DD-D331-480F-ABDB-2BFE71FACA63}.Debug|Any CPU.Build.0 = Debug|Any CPU
		{A133A8DD-D331-480F-ABDB-2BFE71FACA63}.Release|Any CPU.ActiveCfg = Release|Any CPU
		{A133A8DD-D331-480F-ABDB-2BFE71FACA63}.Release|Any CPU.Build.0 = Release|Any CPU
	EndGlobalSection
	GlobalSection(SolutionProperties) = preSolution
		HideSolutionNode = FALSE
	EndGlobalSection
	GlobalSection(ExtensibilityGlobals) = postSolution
		SolutionGuid = {082249A7-63D9-4F65-B360-4950072788A5}
	EndGlobalSection
EndGlobal
